
Microsoft Visual Studio Solution File, Format Version 12.00
# Visual Studio 15
VisualStudioVersion = 15.0.27703.2035
MinimumVisualStudioVersion = 10.0.40219.1
Project("{FAE04EC0-301F-11D3-BF4B-00C04F79EFBC}") = "sucesionn", "sucesionn\sucesionn.csproj", "{D78AF42D-8DCD-4F80-877C-E10AE4539295}"
EndProject
Global
	GlobalSection(SolutionConfigurationPlatforms) = preSolution
		Debug|Any CPU = Debug|Any CPU
		Release|Any CPU = Release|Any CPU
	EndGlobalSection
	GlobalSection(ProjectConfigurationPlatforms) = postSolution
		{D78AF42D-8DCD-4F80-877C-E10AE4539295}.Debug|Any CPU.ActiveCfg = Debug|Any CPU
		{D78AF42D-8DCD-4F80-877C-E10AE4539295}.Debug|Any CPU.Build.0 = Debug|Any CPU
		{D78AF42D-8DCD-4F80-877C-E10AE4539295}.Release|Any CPU.ActiveCfg = Release|Any CPU
		{D78AF42D-8DCD-4F80-877C-E10AE4539295}.Release|Any CPU.Build.0 = Release|Any CPU
	EndGlobalSection
	GlobalSection(SolutionProperties) = preSolution
		HideSolutionNode = FALSE
	EndGlobalSection
	GlobalSection(ExtensibilityGlobals) = postSolution
		SolutionGuid = {FF1458D7-AA73-4B7B-BE1C-3B87CE65B728}
	EndGlobalSection
EndGlobal
